github.com/Compogo/compogo v0.0.3 h1:I5QYh3UJXUCkFQ+ygL8jfA+uEH8ZQzOlq9+vwffIdfQ=
github.com/Compogo/compogo v0.0.3/go.mod h1:LbPhr7u4g11Lv8c9tifDnD7aJf3nNRhdsz1LlMdMGcY=
github.com/Compogo/compogo v0.0.6 h1:revhesGd+4+H8rOxvn2zcASJZOJyJfLEoIm86AWGFik=
github.com/Compogo/compogo v0.0.6/go.mod h1:LbPhr7u4g11Lv8c9tifDnD7aJf3nNRhdsz1LlMdMGcY=
github.com/Compogo/compogo v0.0.7 h1:iMZBJZRrHuQCkRU8WIflADB6mS0wBqDFU0/rM6LPx2g=
github.com/Compogo/compogo v0.0.7/go.mod h1:LbPhr7u4g11Lv8c9tifDnD7aJf3nNRhdsz1LlMdMGcY=
github.com/Compogo/compogo v0.0.15 h1:UpOCQ4HTD8e5KUYXUoHavUDTQ/Ji1uWfN1KbBddVsVk=
github.com/Compogo/compogo v0.0.15/go.mod h1:LbPhr7u4g11Lv8c9tifDnD7aJf3nNRhdsz1LlMdMGcY=
github.com/Compogo/compogo v0.0.17 h1:aoeWoVJOIQb5wRwAgd34VI4+stPAZIh6KqVr6siFUBQ=
github.com/Compogo/compogo v0.0.17/go.mod h1:LbPhr7u4g11Lv8c9tifDnD7aJf3nNRhdsz1LlMdMGcY=
github.com/Compogo/compogo v0.0.23 h1:PZ6SuUeEF+H6nRau45IlK4bsVWBW55xo/x8T7zP6rK4=
github.com/Compogo/compogo v0.0.23/go.mod h1:XHLqDJCqPizXlvJnuoCBGheKyfuD5zJFbFGG16sxGyU=
github.com/Compogo/tools v0.0.1 h1:oEsD838gwG4xAbKkWerRViLp4Gi+fqT07MJRucDL3vY=
github.com/Compogo/tools v0.0.1/go.mod h1:WMC6OW6nB8hsEMMa/1BR0/CWcDVAfg8Bj2+K08Ufcy4=
github.com/Compogo/types v0.0.2 h1:bzYcqmhPGAj52O5OuQOXAaJX1VHoSUy1Jhi13iZ639E=
github.com/Compogo/types v0.0.2/go.mod h1:2wj58tE4RGlT4JsrN9s+M/kdJ4guUOma+jCXNB3WsB4=
go.uber.org/dig v1.19.0 h1:BACLhebsYdpQ7IROQ1AGPjrXcP5dF80U3gKoFzbaq/4=
go.uber.org/dig v1.19.0/go.mod h1:Us0rSJiThwCv2GteUN0Q7OKvU7n5J4dxZ9JKUXozFdE=
